
Microsoft Visual Studio Solution File, Format Version 12.00
# Visual Studio Version 16
VisualStudioVersion = 16.0.30104.148
MinimumVisualStudioVersion = 10.0.40219.1
Project("{8BC9CEB8-8B4A-11D0-8D11-00A0C91BC942}") = "Skelton", "Skelton\Skelton.vcxproj", "{83C55312-97F8-40EB-93BF-7EB4885190AB}"
EndProject
Global
	GlobalSection(SolutionConfigurationPlatforms) = preSolution
		Debug|x64 = Debug|x64
		Debug|x86 = Debug|x86
		Release|x64 = Release|x64
		Release|x86 = Release|x86
	EndGlobalSection
	GlobalSection(ProjectConfigurationPlatforms) = postSolution
		{83C55312-97F8-40EB-93BF-7EB4885190AB}.Debug|x64.ActiveCfg = Debug|x64
		{83C55312-97F8-40EB-93BF-7EB4885190AB}.Debug|x64.Build.0 = Debug|x64
		{83C55312-97F8-40EB-93BF-7EB4885190AB}.Debug|x86.ActiveCfg = Debug|Win32
		{83C55312-97F8-40EB-93BF-7EB4885190AB}.Debug|x86.Build.0 = Debug|Win32
		{83C55312-97F8-40EB-93BF-7EB4885190AB}.Release|x64.ActiveCfg = Release|x64
		{83C55312-97F8-40EB-93BF-7EB4885190AB}.Release|x64.Build.0 = Release|x64
		{83C55312-97F8-40EB-93BF-7EB4885190AB}.Release|x86.ActiveCfg = Release|Win32
		{83C55312-97F8-40EB-93BF-7EB4885190AB}.Release|x86.Build.0 = Release|Win32
	EndGlobalSection
	GlobalSection(SolutionProperties) = preSolution
		HideSolutionNode = FALSE
	EndGlobalSection
	GlobalSection(ExtensibilityGlobals) = postSolution
		SolutionGuid = {43A6E61A-1DC0-411E-8E7D-7A0F558681CB}
	EndGlobalSection
EndGlobal
